
Microsoft Visual Studio Solution File, Format Version 12.00
# Visual Studio Version 17
VisualStudioVersion = 17.4.33205.214
MinimumVisualStudioVersion = 10.0.40219.1
Project("{FAE04EC0-301F-11D3-BF4B-00C04F79EFBC}") = "EasySpeak.Communicator.WebAPI", "EasySpeak.Communicator.WebAPI\EasySpeak.Communicator.WebAPI.csproj", "{033894EE-4229-47A6-8AF2-469D80D4CBC6}"
EndProject
Global
	GlobalSection(SolutionConfigurationPlatforms) = preSolution
		Debug|Any CPU = Debug|Any CPU
		Release|Any CPU = Release|Any CPU
	EndGlobalSection
	GlobalSection(ProjectConfigurationPlatforms) = postSolution
		{033894EE-4229-47A6-8AF2-469D80D4CBC6}.Debug|Any CPU.ActiveCfg = Debug|Any CPU
		{033894EE-4229-47A6-8AF2-469D80D4CBC6}.Debug|Any CPU.Build.0 = Debug|Any CPU
		{033894EE-4229-47A6-8AF2-469D80D4CBC6}.Release|Any CPU.ActiveCfg = Release|Any CPU
		{033894EE-4229-47A6-8AF2-469D80D4CBC6}.Release|Any CPU.Build.0 = Release|Any CPU
	EndGlobalSection
	GlobalSection(SolutionProperties) = preSolution
		HideSolutionNode = FALSE
	EndGlobalSection
	GlobalSection(ExtensibilityGlobals) = postSolution
		SolutionGuid = {4A21DF25-AD8C-4740-AC24-B9D7A051E403}
	EndGlobalSection
EndGlobal
