
Microsoft Visual Studio Solution File, Format Version 12.00
Project("{FAE04EC0-301F-11D3-BF4B-00C04F79EFBC}") = "EasySpeak.RS.WebAPI", "EasySpeak.RecommendationService\EasySpeak.RS.WebAPI\EasySpeak.RS.WebAPI.csproj", "{6021B121-DD43-4AA4-BB32-AAA204554D87}"
EndProject
Global
	GlobalSection(SolutionConfigurationPlatforms) = preSolution
		Debug|Any CPU = Debug|Any CPU
		Release|Any CPU = Release|Any CPU
	EndGlobalSection
	GlobalSection(ProjectConfigurationPlatforms) = postSolution
		{6021B121-DD43-4AA4-BB32-AAA204554D87}.Debug|Any CPU.ActiveCfg = Debug|Any CPU
		{6021B121-DD43-4AA4-BB32-AAA204554D87}.Debug|Any CPU.Build.0 = Debug|Any CPU
		{6021B121-DD43-4AA4-BB32-AAA204554D87}.Release|Any CPU.ActiveCfg = Release|Any CPU
		{6021B121-DD43-4AA4-BB32-AAA204554D87}.Release|Any CPU.Build.0 = Release|Any CPU
	EndGlobalSection
EndGlobal
