
Microsoft Visual Studio Solution File, Format Version 12.00
# Visual Studio Version 17
VisualStudioVersion = 17.1.32210.238
MinimumVisualStudioVersion = 10.0.40219.1
Project("{9A19103F-16F7-4668-BE54-9A1E7A4F7556}") = "EasySpeak.Emailer.WebAPI", "EasySpeak.Emailer\EasySpeak.Emailer.WebAPI\EasySpeak.Emailer.WebAPI.csproj", "{5BE4506A-8CF6-4423-9AB0-909F34B9CDEB}"
EndProject
Global
	GlobalSection(SolutionConfigurationPlatforms) = preSolution
		Debug|Any CPU = Debug|Any CPU
		Release|Any CPU = Release|Any CPU
	EndGlobalSection
	GlobalSection(ProjectConfigurationPlatforms) = postSolution
		{5BE4506A-8CF6-4423-9AB0-909F34B9CDEB}.Debug|Any CPU.ActiveCfg = Debug|Any CPU
		{5BE4506A-8CF6-4423-9AB0-909F34B9CDEB}.Debug|Any CPU.Build.0 = Debug|Any CPU
		{5BE4506A-8CF6-4423-9AB0-909F34B9CDEB}.Release|Any CPU.ActiveCfg = Release|Any CPU
		{5BE4506A-8CF6-4423-9AB0-909F34B9CDEB}.Release|Any CPU.Build.0 = Release|Any CPU
	EndGlobalSection
	GlobalSection(SolutionProperties) = preSolution
		HideSolutionNode = FALSE
	EndGlobalSection
	GlobalSection(ExtensibilityGlobals) = postSolution
		SolutionGuid = {4099CF7C-2D17-4524-B3F4-170EF120EDEE}
	EndGlobalSection
EndGlobal
